
Microsoft Visual Studio Solution File, Format Version 12.00
# Visual Studio Version 17
VisualStudioVersion = 17.6.33723.286
MinimumVisualStudioVersion = 10.0.40219.1
Project("{FAE04EC0-301F-11D3-BF4B-00C04F79EFBC}") = "CodeHelper", "CodeHelper.csproj", "{BA07F27F-9FD0-4B32-879C-16758F2BF5CA}"
EndProject
Global
	GlobalSection(SolutionConfigurationPlatforms) = preSolution
		Debug|Any CPU = Debug|Any CPU
		Release|Any CPU = Release|Any CPU
	EndGlobalSection
	GlobalSection(ProjectConfigurationPlatforms) = postSolution
		{BA07F27F-9FD0-4B32-879C-16758F2BF5CA}.Debug|Any CPU.ActiveCfg = Debug|Any CPU
		{BA07F27F-9FD0-4B32-879C-16758F2BF5CA}.Debug|Any CPU.Build.0 = Debug|Any CPU
		{BA07F27F-9FD0-4B32-879C-16758F2BF5CA}.Release|Any CPU.ActiveCfg = Release|Any CPU
		{BA07F27F-9FD0-4B32-879C-16758F2BF5CA}.Release|Any CPU.Build.0 = Release|Any CPU
	EndGlobalSection
	GlobalSection(SolutionProperties) = preSolution
		HideSolutionNode = FALSE
	EndGlobalSection
	GlobalSection(ExtensibilityGlobals) = postSolution
		SolutionGuid = {6FC08280-66BB-4F99-82EA-3E7617DC9989}
	EndGlobalSection
EndGlobal
